
Microsoft Visual Studio Solution File, Format Version 12.00
# Visual Studio 15
VisualStudioVersion = 15.0.26228.4
MinimumVisualStudioVersion = 10.0.40219.1
Project("{8BC9CEB8-8B4A-11D0-8D11-00A0C91BC942}") = "rdv2_demo", "rdv2_demo\rdv2_demo.vcxproj", "{9626E44B-7D28-48C8-AEE1-7D1F1AA26CF0}"
EndProject
Global
	GlobalSection(SolutionConfigurationPlatforms) = preSolution
		Debug|x64 = Debug|x64
		Debug|x86 = Debug|x86
		Release|x64 = Release|x64
		Release|x86 = Release|x86
	EndGlobalSection
	GlobalSection(ProjectConfigurationPlatforms) = postSolution
		{9626E44B-7D28-48C8-AEE1-7D1F1AA26CF0}.Debug|x64.ActiveCfg = Debug|x64
		{9626E44B-7D28-48C8-AEE1-7D1F1AA26CF0}.Debug|x64.Build.0 = Debug|x64
		{9626E44B-7D28-48C8-AEE1-7D1F1AA26CF0}.Debug|x86.ActiveCfg = Debug|Win32
		{9626E44B-7D28-48C8-AEE1-7D1F1AA26CF0}.Debug|x86.Build.0 = Debug|Win32
		{9626E44B-7D28-48C8-AEE1-7D1F1AA26CF0}.Release|x64.ActiveCfg = Release|x64
		{9626E44B-7D28-48C8-AEE1-7D1F1AA26CF0}.Release|x64.Build.0 = Release|x64
		{9626E44B-7D28-48C8-AEE1-7D1F1AA26CF0}.Release|x86.ActiveCfg = Release|Win32
		{9626E44B-7D28-48C8-AEE1-7D1F1AA26CF0}.Release|x86.Build.0 = Release|Win32
	EndGlobalSection
	GlobalSection(SolutionProperties) = preSolution
		HideSolutionNode = FALSE
	EndGlobalSection
EndGlobal
